
Microsoft Visual Studio Solution File, Format Version 12.00
# Visual Studio 15
VisualStudioVersion = 15.0.28307.539
MinimumVisualStudioVersion = 10.0.40219.1
Project("{FAE04EC0-301F-11D3-BF4B-00C04F79EFBC}") = "碰撞模拟", "碰撞模拟\碰撞模拟.csproj", "{B2068102-FFB6-4F19-BFC5-A1DCC3810540}"
EndProject
Global
	GlobalSection(SolutionConfigurationPlatforms) = preSolution
		Debug|Any CPU = Debug|Any CPU
		Release|Any CPU = Release|Any CPU
	EndGlobalSection
	GlobalSection(ProjectConfigurationPlatforms) = postSolution
		{B2068102-FFB6-4F19-BFC5-A1DCC3810540}.Debug|Any CPU.ActiveCfg = Debug|Any CPU
		{B2068102-FFB6-4F19-BFC5-A1DCC3810540}.Debug|Any CPU.Build.0 = Debug|Any CPU
		{B2068102-FFB6-4F19-BFC5-A1DCC3810540}.Release|Any CPU.ActiveCfg = Release|Any CPU
		{B2068102-FFB6-4F19-BFC5-A1DCC3810540}.Release|Any CPU.Build.0 = Release|Any CPU
	EndGlobalSection
	GlobalSection(SolutionProperties) = preSolution
		HideSolutionNode = FALSE
	EndGlobalSection
	GlobalSection(ExtensibilityGlobals) = postSolution
		SolutionGuid = {90BC43A4-B602-4CD8-A15A-AA8B875A9CA2}
	EndGlobalSection
EndGlobal
